{
  "name": "gradio-guides-aggregator",
  "version": "1.0.0",
  "lockfileVersion": 3,
  "requires": true,
  "packages": {
    "": {
      "name": "gradio-guides-aggregator",
      "version": "1.0.0",
      "license": "MIT",
      "bin": {
        "gradio-guides": "index.js"
      },
      "engines": {
        "node": ">=18"
      }
    }
  }
}
